{
  "name": "react-h5",
  "version": "0.1.0",
  "lockfileVersion": 1,
  "requires": true,
  "dependencies": {
    "@types/autoprefixer": {
      "version": "6.7.3",
      "resolved": "https://registry.npmjs.org/@types/autoprefixer/-/autoprefixer-6.7.3.tgz",
      "integrity": "sha512-1iqqxR9rcUsTrngdea+dpGP3/iuokNnsGYmgXsclJ6iPJ79gqCcYuJAR1AyQRKUVpikxBZBjJKFzStJAlSWMvw==",
      "requires": {
        "postcss": "5.2.18"
      }
    },
    "@types/axios": {
      "version": "0.14.0",
      "resolved": "https://registry.npmjs.org/@types/axios/-/axios-0.14.0.tgz",
      "integrity": "sha1-7CMA++fX3d1+udOr+HmZlkyvzkY=",
      "requires": {
        "axios": "0.18.0"
      },
      "dependencies": {
        "axios": {
          "version": "0.18.0",
          "resolved": "http://registry.npmjs.org/axios/-/axios-0.18.0.tgz",
          "integrity": "sha1-MtU+SFHv3AoRmTts0AB4nXDAUQI=",
          "requires": {
            "follow-redirects": "1.5.8",
            "is-buffer": "1.1.6"
          }
        }
      }
    },
    "@types/babel-core": {
      "version": "6.25.5",
      "resolved": "https://registry.npmjs.org/@types/babel-core/-/babel-core-6.25.5.tgz",
      "integrity": "sha512-pecvyMrc46zY0AFYXVZWNmm/gekr7f32OBYCd9baOiIpOTFtNN0ormeWpJaG7p+MEzncUvNtJdYql94dZYZGsw==",
      "requires": {
        "@types/babel-generator": "6.25.2",
        "@types/babel-template": "6.25.1",
        "@types/babel-traverse": "6.25.4",
        "@types/babel-types": "7.0.4",
        "@types/babylon": "6.16.3"
      }
    },
    "@types/babel-generator": {
      "version": "6.25.2",
      "resolved": "https://registry.npmjs.org/@types/babel-generator/-/babel-generator-6.25.2.tgz",
      "integrity": "sha512-W7PQkeDlYOqJblfNeqZARwj4W8nO+ZhQQZksU8+wbaKuHeUdIVUAdREO/Qb0FfNr3CY5Sq1gNtqsyFeZfS3iSw==",
      "requires": {
        "@types/babel-types": "7.0.4"
      }
    },
    "@types/babel-template": {
      "version": "6.25.1",
      "resolved": "https://registry.npmjs.org/@types/babel-template/-/babel-template-6.25.1.tgz",
      "integrity": "sha512-teJYxh35PbBaf9OY6YwLSQ7pRiWRnHCHmlqwfVSfexOsqHUf6hpNZ4FG9PfgnpBM1VRzRJVQF3SqqOtkcNrBZQ==",
      "requires": {
        "@types/babel-types": "7.0.4",
        "@types/babylon": "6.16.3"
      }
    },
    "@types/babel-traverse": {
      "version": "6.25.4",
      "resolved": "https://registry.npmjs.org/@types/babel-traverse/-/babel-traverse-6.25.4.tgz",
      "integrity": "sha512-+/670NaZE7qPvdh8EtGds32/2uHFKE5JeS+7ePH6nGwF8Wj8r671/RkTiJQP2k22nFntWEb9xQ11MFj7xEqI0g==",
      "requires": {
        "@types/babel-types": "7.0.4"
      }
    },
    "@types/babel-types": {
      "version": "7.0.4",
      "resolved": "https://registry.npmjs.org/@types/babel-types/-/babel-types-7.0.4.tgz",
      "integrity": "sha512-WiZhq3SVJHFRgRYLXvpf65XnV6ipVHhnNaNvE8yCimejrGglkg38kEj0JcizqwSHxmPSjcTlig/6JouxLGEhGw=="
    },
    "@types/babylon": {
      "version": "6.16.3",
      "resolved": "https://registry.npmjs.org/@types/babylon/-/babylon-6.16.3.tgz",
      "integrity": "sha512-lyJ8sW1PbY3uwuvpOBZ9zMYKshMnQpXmeDHh8dj9j2nJm/xrW0FgB5gLSYOArj5X0IfaXnmhFoJnhS4KbqIMug==",
      "requires": {
        "@types/babel-types": "7.0.4"
      }
    },
    "@types/body-parser": {
      "version": "1.17.0",
      "resolved": "https://registry.npmjs.org/@types/body-parser/-/body-parser-1.17.0.tgz",
      "integrity": "sha512-a2+YeUjPkztKJu5aIF2yArYFQQp8d51wZ7DavSHjFuY1mqVgidGyzEQ41JIVNy82fXj8yPgy2vJmfIywgESW6w==",
      "requires": {
        "@types/connect": "3.4.32",
        "@types/node": "10.9.4"
      }
    },
    "@types/case-sensitive-paths-webpack-plugin": {
      "version": "2.1.2",
      "resolved": "https://registry.npmjs.org/@types/case-sensitive-paths-webpack-plugin/-/case-sensitive-paths-webpack-plugin-2.1.2.tgz",
      "integrity": "sha512-ah/PG3Iz3CLuHk8bczITiGvDcNLogZQfJDL+e7pcJXKdD/5Qp1FB6lxSjPsfXw8fHbhEfaJIq9om3hK6ir391g==",
      "requires": {
        "@types/webpack": "4.4.11"
      }
    },
    "@types/chalk": {
      "version": "2.2.0",
      "resolved": "https://registry.npmjs.org/@types/chalk/-/chalk-2.2.0.tgz",
      "integrity": "sha512-1zzPV9FDe1I/WHhRkf9SNgqtRJWZqrBWgu7JGveuHmmyR9CnAPCie2N/x+iHrgnpYBIcCJWHBoMRv2TRWktsvw==",
      "requires": {
        "chalk": "2.4.1"
      },
      "dependencies": {
        "ansi-styles": {
          "version": "3.2.1",
          "resolved": "https://registry.npmjs.org/ansi-styles/-/ansi-styles-3.2.1.tgz",
          "integrity": "sha512-VT0ZI6kZRdTh8YyJw3SMbYm/u+NqfsAxEpWO0Pf9sq8/e94WxxOpPKx9FR1FlyCtOVDNOQ+8ntlqFxiRc+r5qA==",
          "requires": {
            "color-convert": "1.9.3"
          }
        },
        "chalk": {
          "version": "2.4.1",
          "resolved": "https://registry.npmjs.org/chalk/-/chalk-2.4.1.tgz",
          "integrity": "sha512-ObN6h1v2fTJSmUXoS3nMQ92LbDK9be4TV+6G+omQlGJFdcUX5heKi1LZ1YnRMIgwTLEj3E24bT6tYni50rlCfQ==",
          "requires": {
            "ansi-styles": "3.2.1",
            "escape-string-regexp": "1.0.5",
            "supports-color": "5.5.0"
          }
        },
        "has-flag": {
          "version": "3.0.0",
          "resolved": "https://registry.npmjs.org/has-flag/-/has-flag-3.0.0.tgz",
          "integrity": "sha1-tdRU3CGZriJWmfNGfloH87lVuv0="
        },
        "supports-color": {
          "version": "5.5.0",
          "resolved": "https://registry.npmjs.org/supports-color/-/supports-color-5.5.0.tgz",
          "integrity": "sha512-QjVjwdXIt408MIiAqCX4oUKsgU2EqAGzs2Ppkm4aQYbjm+ZEWEcW4SfFNTr4uMNZma0ey4f5lgLrkB0aX0QMow==",
          "requires": {
            "has-flag": "3.0.0"
          }
        }
      }
    },
    "@types/clean-css": {
      "version": "3.4.30",
      "resolved": "https://registry.npmjs.org/@types/clean-css/-/clean-css-3.4.30.tgz",
      "integrity": "sha1-AFLBNvUkgAJCjjY4s33ko5gYZB0="
    },
    "@types/connect": {
      "version": "3.4.32",
      "resolved": "https://registry.npmjs.org/@types/connect/-/connect-3.4.32.tgz",
      "integrity": "sha512-4r8qa0quOvh7lGD0pre62CAb1oni1OO6ecJLGCezTmhQ8Fz50Arx9RUszryR8KlgK6avuSXvviL6yWyViQABOg==",
      "requires": {
        "@types/node": "10.9.4"
      }
    },
    "@types/dotenv": {
      "version": "4.0.3",
      "resolved": "https://registry.npmjs.org/@types/dotenv/-/dotenv-4.0.3.tgz",
      "integrity": "sha512-mmhpINC/HcLGQK5ikFJlLXINVvcxhlrV+ZOUJSN7/ottYl+8X4oSXzS9lBtDkmWAl96EGyGyLrNvk9zqdSH8Fw==",
      "requires": {
        "@types/node": "10.9.4"
      }
    },
    "@types/eslint": {
      "version": "4.16.3",
      "resolved": "https://registry.npmjs.org/@types/eslint/-/eslint-4.16.3.tgz",
      "integrity": "sha512-3/RbuVmefwKXGWxq6/+F9UKx8z6Wm8Pa7e4428r7a8L5plqdPzMAuYkvQBLf+wqDPqLQ93TsYi3j3cnql1P5Qw==",
      "requires": {
        "@types/estree": "0.0.39",
        "@types/json-schema": "7.0.0"
      }
    },
    "@types/estree": {
      "version": "0.0.39",
      "resolved": "https://registry.npmjs.org/@types/estree/-/estree-0.0.39.tgz",
      "integrity": "sha512-EYNwp3bU+98cpU4lAWYYL7Zz+2gryWH1qbdDTidVd6hkiR6weksdbMadyXKXNPEkQFhXM+hVO9ZygomHXp+AIw=="
    },
    "@types/events": {
      "version": "1.2.0",
      "resolved": "https://registry.npmjs.org/@types/events/-/events-1.2.0.tgz",
      "integrity": "sha512-KEIlhXnIutzKwRbQkGWb/I4HFqBuUykAdHgDED6xqwXJfONCjF5VoE0cXEiurh3XauygxzeDzgtXUqvLkxFzzA=="
    },
    "@types/express": {
      "version": "4.16.0",
      "resolved": "https://registry.npmjs.org/@types/express/-/express-4.16.0.tgz",
      "integrity": "sha512-TtPEYumsmSTtTetAPXlJVf3kEqb6wZK0bZojpJQrnD/djV4q1oB6QQ8aKvKqwNPACoe02GNiy5zDzcYivR5Z2w==",
      "requires": {
        "@types/body-parser": "1.17.0",
        "@types/express-serve-static-core": "4.16.0",
        "@types/serve-static": "1.13.2"
      }
    },
    "@types/express-serve-static-core": {
      "version": "4.16.0",
      "resolved": "https://registry.npmjs.org/@types/express-serve-static-core/-/express-serve-static-core-4.16.0.tgz",
      "integrity": "sha512-lTeoCu5NxJU4OD9moCgm0ESZzweAx0YqsAcab6OB0EB3+As1OaHtKnaGJvcngQxYsi9UNv0abn4/DRavrRxt4w==",
      "requires": {
        "@types/events": "1.2.0",
        "@types/node": "10.9.4",
        "@types/range-parser": "1.2.2"
      }
    },
    "@types/extract-text-webpack-plugin": {
      "version": "3.0.3",
      "resolved": "https://registry.npmjs.org/@types/extract-text-webpack-plugin/-/extract-text-webpack-plugin-3.0.3.tgz",
      "integrity": "sha512-KvRd5e5k+BVwWBlCm4uZFcV+M2mikKhORahruKxPkriFIDhG6b0fZ8PIYyiok+pk6W5bqFCsQmRk5D86pTmNpA==",
      "requires": {
        "@types/webpack": "4.4.11"
      }
    },
    "@types/fs-extra": {
      "version": "5.0.4",
      "resolved": "https://registry.npmjs.org/@types/fs-extra/-/fs-extra-5.0.4.tgz",
      "integrity": "sha512-DsknoBvD8s+RFfSGjmERJ7ZOP1HI0UZRA3FSI+Zakhrc/Gy26YQsLI+m5V5DHxroHRJqCDLKJp7Hixn8zyaF7g==",
      "requires": {
        "@types/node": "10.9.4"
      }
    },
    "@types/html-minifier": {
      "version": "3.5.2",
      "resolved": "https://registry.npmjs.org/@types/html-minifier/-/html-minifier-3.5.2.tgz",
      "integrity": "sha512-yikK28/KlVyf8g9i/k+TDFlteLuZ6QQTUdVqvKtzEB+8DSLCTjxfh6IK45KnW4rYFI3Y8T4LWpYJMTmfJleWaQ==",
      "requires": {
        "@types/clean-css": "3.4.30",
        "@types/relateurl": "0.2.28",
        "@types/uglify-js": "3.0.3"
      }
    },
    "@types/html-webpack-plugin": {
      "version": "3.2.0",
      "resolved": "https://registry.npmjs.org/@types/html-webpack-plugin/-/html-webpack-plugin-3.2.0.tgz",
      "integrity": "sha512-in9rViBsTRB4ZApndZ12It68nGzSMHVK30JD7c49iLIHMFeTPbP7I7wevzMv7re2o0k5TlU6Ry/beyrmgWX7Bg==",
      "requires": {
        "@types/html-minifier": "3.5.2",
        "@types/tapable": "1.0.4",
        "@types/webpack": "4.4.11"
      }
    },
    "@types/http-proxy": {
      "version": "1.16.2",
      "resolved": "https://registry.npmjs.org/@types/http-proxy/-/http-proxy-1.16.2.tgz",
      "integrity": "sha512-GgqePmC3rlsn1nv+kx5OviPuUBU2omhnlXOaJSXFgOdsTcScNFap+OaCb2ip9Bm4m5L8EOehgT5d9M4uNB90zg==",
      "requires": {
        "@types/events": "1.2.0",
        "@types/node": "10.9.4"
      }
    },
    "@types/http-proxy-middleware": {
      "version": "0.17.5",
      "resolved": "https://registry.npmjs.org/@types/http-proxy-middleware/-/http-proxy-middleware-0.17.5.tgz",
      "integrity": "sha512-mUqVzfaiOknDT2QJ7g8f2c37G4ZDqDNt08QdUkFCu19Ey5+2SZ0rWHMG00GRJ7g+SgHvl/9weZYuWLXr7RgiCg==",
      "requires": {
        "@types/connect": "3.4.32",
        "@types/http-proxy": "1.16.2",
        "@types/node": "10.9.4",
        "winston": "3.1.0"
      }
    },
    "@types/jest": {
      "version": "23.3.2",
      "resolved": "https://registry.npmjs.org/@types/jest/-/jest-23.3.2.tgz",
      "integrity": "sha512-D1xlXHZpDonVX+VJ28XtcD5xlu8ex6Fc4cQNnrm2wJvlQnbec9RedhCrhQr6kRAE9XWHSec+JPuTmqJ9jC0qsA=="
    },
    "@types/json-schema": {
      "version": "7.0.0",
      "resolved": "https://registry.npmjs.org/@types/json-schema/-/json-schema-7.0.0.tgz",
      "integrity": "sha512-vKFTUFiUOLIoe80UE1l3ZvnlDYxgNCrpa/KEesJoTMIvWuI4zA6pxNlOBHR81ghVpyx3M4CRf0LPTd9HivK7Mg=="
    },
    "@types/mime": {
      "version": "2.0.0",
      "resolved": "https://registry.npmjs.org/@types/mime/-/mime-2.0.0.tgz",
      "integrity": "sha512-A2TAGbTFdBw9azHbpVd+/FkdW2T6msN1uct1O9bH3vTerEHKZhTXJUQXy+hNq1B0RagfU8U+KBdqiZpxjhOUQA=="
    },
    "@types/node": {
      "version": "10.9.4",
      "resolved": "https://registry.npmjs.org/@types/node/-/node-10.9.4.tgz",
      "integrity": "sha512-fCHV45gS+m3hH17zgkgADUSi2RR1Vht6wOZ0jyHP8rjiQra9f+mIcgwPQHllmDocYOstIEbKlxbFDYlgrTPYqw=="
    },
    "@types/object-assign": {
      "version": "4.0.30",
      "resolved": "https://registry.npmjs.org/@types/object-assign/-/object-assign-4.0.30.tgz",
      "integrity": "sha1-iUk3HVqZ9Dge4PHfCpt6GH4H5lI="
    },
    "@types/promise": {
      "version": "7.1.30",
      "resolved": "https://registry.npmjs.org/@types/promise/-/promise-7.1.30.tgz",
      "integrity": "sha1-G2cUsyH9/FTRUn56FxFqDh8quBA="
    },
    "@types/qs": {
      "version": "6.5.1",
      "resolved": "https://registry.npmjs.org/@types/qs/-/qs-6.5.1.tgz",
      "integrity": "sha512-mNhVdZHdtKHMMxbqzNK3RzkBcN1cux3AvuCYGTvjEIQT2uheH3eCAyYsbMbh2Bq8nXkeOWs1kyDiF7geWRFQ4Q=="
    },
    "@types/range-parser": {
      "version": "1.2.2",
      "resolved": "https://registry.npmjs.org/@types/range-parser/-/range-parser-1.2.2.tgz",
      "integrity": "sha512-HtKGu+qG1NPvYe1z7ezLsyIaXYyi8SoAVqWDZgDQ8dLrsZvSzUNCwZyfX33uhWxL/SU0ZDQZ3nwZ0nimt507Kw=="
    },
    "@types/relateurl": {
      "version": "0.2.28",
      "resolved": "https://registry.npmjs.org/@types/relateurl/-/relateurl-0.2.28.tgz",
      "integrity": "sha1-a9p9uGU/piZD9e5p6facEaOS46Y="
    },
    "@types/resolve": {
      "version": "0.0.8",
      "resolved": "https://registry.npmjs.org/@types/resolve/-/resolve-0.0.8.tgz",
      "integrity": "sha512-auApPaJf3NPfe18hSoJkp8EbZzer2ISk7o8mCC3M9he/a04+gbMF97NkpD2S8riMGvm4BMRI59/SZQSaLTKpsQ==",
      "requires": {
        "@types/node": "10.9.4"
      }
    },
    "@types/serve-static": {
      "version": "1.13.2",
      "resolved": "https://registry.npmjs.org/@types/serve-static/-/serve-static-1.13.2.tgz",
      "integrity": "sha512-/BZ4QRLpH/bNYgZgwhKEh+5AsboDBcUdlBYgzoLX0fpj3Y2gp6EApyOlM3bK53wQS/OE1SrdSYBAbux2D1528Q==",
      "requires": {
        "@types/express-serve-static-core": "4.16.0",
        "@types/mime": "2.0.0"
      }
    },
    "@types/sw-precache": {
      "version": "5.2.0",
      "resolved": "https://registry.npmjs.org/@types/sw-precache/-/sw-precache-5.2.0.tgz",
      "integrity": "sha512-fQgWDyyUQVo73+JRB8Zftfg4ro25Ai1YE+F/N9Eljq6kIkIw/cSE9UYKL1MV6C2cjuDgOe5dEYnh3b/F6nSRdQ==",
      "requires": {
        "@types/node": "10.9.4",
        "sw-toolbox": "3.6.0"
      }
    },
    "@types/sw-precache-webpack-plugin": {
      "version": "0.11.0",
      "resolved": "https://registry.npmjs.org/@types/sw-precache-webpack-plugin/-/sw-precache-webpack-plugin-0.11.0.tgz",
      "integrity": "sha512-Bt/jmRFquMgcXN40pYfWoAaJd6xBsrDItgIuPnH8KQYyPr9MbwO9V77ccKhrJX7znBt4IAX7UFssfr/HdKYBvQ==",
      "requires": {
        "@types/sw-precache": "5.2.0",
        "@types/webpack": "4.4.11"
      }
    },
    "@types/tapable": {
      "version": "1.0.4",
      "resolved": "https://registry.npmjs.org/@types/tapable/-/tapable-1.0.4.tgz",
      "integrity": "sha512-78AdXtlhpCHT0K3EytMpn4JNxaf5tbqbLcbIRoQIHzpTIyjpxLQKRoxU55ujBXAtg3Nl2h/XWvfDa9dsMOd0pQ=="
    },
    "@types/uglify-js": {
      "version": "3.0.3",
      "resolved": "https://registry.npmjs.org/@types/uglify-js/-/uglify-js-3.0.3.tgz",
      "integrity": "sha512-MAT0BW2ruO0LhQKjvlipLGCF/Yx0y/cj+tT67tK3QIQDrM2+9R78HgJ54VlrE8AbfjYJJBCQCEPM5ZblPVTuww==",
      "requires": {
        "source-map": "0.6.1"
      },
      "dependencies": {
        "source-map": {
          "version": "0.6.1",
          "resolved": "https://registry.npmjs.org/source-map/-/source-map-0.6.1.tgz",
          "integrity": "sha512-UjgapumWlbMhkBgzT7Ykc5YXUT46F0iKu8SGXq0bcwP5dz/h0Plj6enJqjz1Zbq2l5WaqYnrVbwWOWMyF3F47g=="
        }
      }
    },
    "@types/uuid": {
      "version": "3.4.4",
      "resolved": "https://registry.npmjs.org/@types/uuid/-/uuid-3.4.4.tgz",
      "integrity": "sha512-tPIgT0GUmdJQNSHxp0X2jnpQfBSTfGxUMc/2CXBU2mnyTFVYVa2ojpoQ74w0U2yn2vw3jnC640+77lkFFpdVDw==",
      "requires": {
        "@types/node": "10.9.4"
      }
    },
    "@types/webpack": {
      "version": "4.4.11",
      "resolved": "https://registry.npmjs.org/@types/webpack/-/webpack-4.4.11.tgz",
      "integrity": "sha512-NdESmbpvVEtJgs15kyZYKr5ouLYPMYt9DNG5JEgCekbG/ezFLPCzf4XcAv8caOb+b7x6ieAuSt0eoR0UkSI7RA==",
      "requires": {
        "@types/node": "10.9.4",
        "@types/tapable": "1.0.4",
        "@types/uglify-js": "3.0.3",
        "source-map": "0.6.1"
      },
      "dependencies": {
        "source-map": {
          "version": "0.6.1",
          "resolved": "https://registry.npmjs.org/source-map/-/source-map-0.6.1.tgz",
          "integrity": "sha512-UjgapumWlbMhkBgzT7Ykc5YXUT46F0iKu8SGXq0bcwP5dz/h0Plj6enJqjz1Zbq2l5WaqYnrVbwWOWMyF3F47g=="
        }
      }
    },
    "@types/webpack-dev-server": {
      "version": "3.1.0",
      "resolved": "https://registry.npmjs.org/@types/webpack-dev-server/-/webpack-dev-server-3.1.0.tgz",
      "integrity": "sha512-nutifgcFiPP3I/+mPWlZCsQNKpWNUGm6qjAMfleZuPfPfybXWymHvlcYsKvg+NPedSkrNh0vu2xKAlak/l+pOg==",
      "requires": {
        "@types/express": "4.16.0",
        "@types/http-proxy-middleware": "0.17.5",
        "@types/serve-static": "1.13.2",
        "@types/webpack": "4.4.11"
      }
    },
    "@types/webpack-manifest-plugin": {
      "version": "1.3.2",
      "resolved": "https://registry.npmjs.org/@types/webpack-manifest-plugin/-/webpack-manifest-plugin-1.3.2.tgz",
      "integrity": "sha512-ythLsrDoSLkEOrmKF22MbrweS4hHdMaM1C/2Fp1OOh7jPawy8ah4ajJPrLeEim8uAfZVe/V/jTEDc7VtSogU/w==",
      "requires": {
        "@types/webpack": "4.4.11"
      }
    },
    "@types/whatwg-fetch": {
      "version": "0.0.33",
      "resolved": "https://registry.npmjs.org/@types/whatwg-fetch/-/whatwg-fetch-0.0.33.tgz",
      "integrity": "sha1-GcDShjyMsjgPIaHHNrecv3iVuxM=",
      "requires": {
        "@types/whatwg-streams": "0.0.7"
      }
    },
    "@types/whatwg-streams": {
      "version": "0.0.7",
      "resolved": "https://registry.npmjs.org/@types/whatwg-streams/-/whatwg-streams-0.0.7.tgz",
      "integrity": "sha512-6sDiSEP6DWcY2ZolsJ2s39ZmsoGQ7KVwBDI3sESQsEm9P2dHTcqnDIHRZFRNtLCzWp7hCFGqYbw5GyfpQnJ01A=="
    },
    "ansi-regex": {
      "version": "2.1.1",
      "resolved": "https://registry.npmjs.org/ansi-regex/-/ansi-regex-2.1.1.tgz",
      "integrity": "sha1-w7M6te42DYbg5ijwRorn7yfWVN8="
    },
    "ansi-styles": {
      "version": "2.2.1",
      "resolved": "https://registry.npmjs.org/ansi-styles/-/ansi-styles-2.2.1.tgz",
      "integrity": "sha1-tDLdM1i2NM914eRmQ2gkBTPB3b4="
    },
    "async": {
      "version": "2.6.1",
      "resolved": "https://registry.npmjs.org/async/-/async-2.6.1.tgz",
      "integrity": "sha512-fNEiL2+AZt6AlAw/29Cr0UDe4sRAHCpEHh54WMz+Bb7QfNcFw4h3loofyJpLeQs4Yx7yuqu/2dLgM5hKOs6HlQ==",
      "requires": {
        "lodash": "4.17.10"
      }
    },
    "color": {
      "version": "3.0.0",
      "resolved": "https://registry.npmjs.org/color/-/color-3.0.0.tgz",
      "integrity": "sha512-jCpd5+s0s0t7p3pHQKpnJ0TpQKKdleP71LWcA0aqiljpiuAkOSUFN/dyH8ZwF0hRmFlrIuRhufds1QyEP9EB+w==",
      "requires": {
        "color-convert": "1.9.3",
        "color-string": "1.5.3"
      }
    },
    "color-convert": {
      "version": "1.9.3",
      "resolved": "https://registry.npmjs.org/color-convert/-/color-convert-1.9.3.tgz",
      "integrity": "sha512-QfAUtd+vFdAtFQcC8CCyYt1fYWxSqAiK2cSD6zDB8N3cpsEBAvRxp9zOGg6G/SHHJYAT88/az/IuDGALsNVbGg==",
      "requires": {
        "color-name": "1.1.3"
      }
    },
    "color-name": {
      "version": "1.1.3",
      "resolved": "https://registry.npmjs.org/color-name/-/color-name-1.1.3.tgz",
      "integrity": "sha1-p9BVi9icQveV3UIyj3QIMcpTvCU="
    },
    "color-string": {
      "version": "1.5.3",
      "resolved": "https://registry.npmjs.org/color-string/-/color-string-1.5.3.tgz",
      "integrity": "sha512-dC2C5qeWoYkxki5UAXapdjqO672AM4vZuPGRQfO8b5HKuKGBbKWpITyDYN7TOFKvRW7kOgAn3746clDBMDJyQw==",
      "requires": {
        "color-name": "1.1.3",
        "simple-swizzle": "0.2.2"
      }
    },
    "colornames": {
      "version": "1.1.1",
      "resolved": "https://registry.npmjs.org/colornames/-/colornames-1.1.1.tgz",
      "integrity": "sha1-+IiQMGhcfE/54qVZ9Qd+t2qBb5Y="
    },
    "colors": {
      "version": "1.3.2",
      "resolved": "https://registry.npmjs.org/colors/-/colors-1.3.2.tgz",
      "integrity": "sha512-rhP0JSBGYvpcNQj4s5AdShMeE5ahMop96cTeDl/v9qQQm2fYClE2QXZRi8wLzc+GmXSxdIqqbOIAhyObEXDbfQ=="
    },
    "colorspace": {
      "version": "1.1.1",
      "resolved": "https://registry.npmjs.org/colorspace/-/colorspace-1.1.1.tgz",
      "integrity": "sha512-pI3btWyiuz7Ken0BWh9Elzsmv2bM9AhA7psXib4anUXy/orfZ/E0MbQwhSOG/9L8hLlalqrU0UhOuqxW1YjmVw==",
      "requires": {
        "color": "3.0.0",
        "text-hex": "1.0.0"
      }
    },
    "core-util-is": {
      "version": "1.0.2",
      "resolved": "https://registry.npmjs.org/core-util-is/-/core-util-is-1.0.2.tgz",
      "integrity": "sha1-tf1UIgqivFq1eqtxQMlAdUUDwac="
    },
    "debug": {
      "version": "3.1.0",
      "resolved": "https://registry.npmjs.org/debug/-/debug-3.1.0.tgz",
      "integrity": "sha512-OX8XqP7/1a9cqkxYw2yXss15f26NKWBpDXQd0/uK/KPqdQhxbPa994hnzjcE2VqQpDslf55723cKPUOGSmMY3g==",
      "requires": {
        "ms": "2.0.0"
      },
      "dependencies": {
        "ms": {
          "version": "2.0.0",
          "resolved": "https://registry.npmjs.org/ms/-/ms-2.0.0.tgz",
          "integrity": "sha1-VgiurfwAvmwpAd9fmGF4jeDVl8g="
        }
      }
    },
    "diagnostics": {
      "version": "1.1.1",
      "resolved": "https://registry.npmjs.org/diagnostics/-/diagnostics-1.1.1.tgz",
      "integrity": "sha512-8wn1PmdunLJ9Tqbx+Fx/ZEuHfJf4NKSN2ZBj7SJC/OWRWha843+WsTjqMe1B5E3p28jqBlp+mJ2fPVxPyNgYKQ==",
      "requires": {
        "colorspace": "1.1.1",
        "enabled": "1.0.2",
        "kuler": "1.0.0"
      }
    },
    "enabled": {
      "version": "1.0.2",
      "resolved": "https://registry.npmjs.org/enabled/-/enabled-1.0.2.tgz",
      "integrity": "sha1-ll9lE9LC0cX0ZStkouM5ZGf8L5M=",
      "requires": {
        "env-variable": "0.0.4"
      }
    },
    "env-variable": {
      "version": "0.0.4",
      "resolved": "https://registry.npmjs.org/env-variable/-/env-variable-0.0.4.tgz",
      "integrity": "sha512-+jpGxSWG4vr6gVxUHOc4p+ilPnql7NzZxOZBxNldsKGjCF+97df3CbuX7XMaDa5oAVkKQj4rKp38rYdC4VcpDg=="
    },
    "escape-string-regexp": {
      "version": "1.0.5",
      "resolved": "https://registry.npmjs.org/escape-string-regexp/-/escape-string-regexp-1.0.5.tgz",
      "integrity": "sha1-G2HAViGQqN/2rjuyzwIAyhMLhtQ="
    },
    "fast-safe-stringify": {
      "version": "2.0.6",
      "resolved": "https://registry.npmjs.org/fast-safe-stringify/-/fast-safe-stringify-2.0.6.tgz",
      "integrity": "sha512-q8BZ89jjc+mz08rSxROs8VsrBBcn1SIw1kq9NjolL509tkABRk9io01RAjSaEv1Xb2uFLt8VtRiZbGp5H8iDtg=="
    },
    "fecha": {
      "version": "2.3.3",
      "resolved": "https://registry.npmjs.org/fecha/-/fecha-2.3.3.tgz",
      "integrity": "sha512-lUGBnIamTAwk4znq5BcqsDaxSmZ9nDVJaij6NvRt/Tg4R69gERA+otPKbS86ROw9nxVMw2/mp1fnaiWqbs6Sdg=="
    },
    "follow-redirects": {
      "version": "1.5.8",
      "resolved": "https://registry.npmjs.org/follow-redirects/-/follow-redirects-1.5.8.tgz",
      "integrity": "sha512-sy1mXPmv7kLAMKW/8XofG7o9T+6gAjzdZK4AJF6ryqQYUa/hnzgiypoeUecZ53x7XiqKNEpNqLtS97MshW2nxg==",
      "requires": {
        "debug": "3.1.0"
      }
    },
    "has-ansi": {
      "version": "2.0.0",
      "resolved": "https://registry.npmjs.org/has-ansi/-/has-ansi-2.0.0.tgz",
      "integrity": "sha1-NPUEnOHs3ysGSa8+8k5F7TVBbZE=",
      "requires": {
        "ansi-regex": "2.1.1"
      }
    },
    "has-flag": {
      "version": "1.0.0",
      "resolved": "https://registry.npmjs.org/has-flag/-/has-flag-1.0.0.tgz",
      "integrity": "sha1-nZ55MWXOAXoA8AQYxD+UKnsdEfo="
    },
    "inherits": {
      "version": "2.0.3",
      "resolved": "https://registry.npmjs.org/inherits/-/inherits-2.0.3.tgz",
      "integrity": "sha1-Yzwsg+PaQqUC9SRmAiSA9CCCYd4="
    },
    "is-arrayish": {
      "version": "0.3.2",
      "resolved": "https://registry.npmjs.org/is-arrayish/-/is-arrayish-0.3.2.tgz",
      "integrity": "sha512-eVRqCvVlZbuw3GrM63ovNSNAeA1K16kaR/LRY/92w0zxQ5/1YzwblUX652i4Xs9RwAGjW9d9y6X88t8OaAJfWQ=="
    },
    "is-buffer": {
      "version": "1.1.6",
      "resolved": "https://registry.npmjs.org/is-buffer/-/is-buffer-1.1.6.tgz",
      "integrity": "sha512-NcdALwpXkTm5Zvvbk7owOUSvVvBKDgKP5/ewfXEznmQFfs4ZRmanOeKBTjRVjka3QFoN6XJ+9F3USqfHqTaU5w=="
    },
    "is-stream": {
      "version": "1.1.0",
      "resolved": "https://registry.npmjs.org/is-stream/-/is-stream-1.1.0.tgz",
      "integrity": "sha1-EtSj3U5o4Lec6428hBc66A2RykQ="
    },
    "isarray": {
      "version": "0.0.1",
      "resolved": "https://registry.npmjs.org/isarray/-/isarray-0.0.1.tgz",
      "integrity": "sha1-ihis/Kmo9Bd+Cav8YDiTmwXR7t8="
    },
    "js-base64": {
      "version": "2.4.9",
      "resolved": "https://registry.npmjs.org/js-base64/-/js-base64-2.4.9.tgz",
      "integrity": "sha512-xcinL3AuDJk7VSzsHgb9DvvIXayBbadtMZ4HFPx8rUszbW1MuNMlwYVC4zzCZ6e1sqZpnNS5ZFYOhXqA39T7LQ=="
    },
    "kuler": {
      "version": "1.0.0",
      "resolved": "https://registry.npmjs.org/kuler/-/kuler-1.0.0.tgz",
      "integrity": "sha512-oyy6pu/yWRjiVfCoJebNUKFL061sNtrs9ejKTbirIwY3oiHmENVCSkHhxDV85Dkm7JYR/czMCBeoM87WilTdSg==",
      "requires": {
        "colornames": "1.1.1"
      }
    },
    "lodash": {
      "version": "4.17.10",
      "resolved": "https://registry.npmjs.org/lodash/-/lodash-4.17.10.tgz",
      "integrity": "sha512-UejweD1pDoXu+AD825lWwp4ZGtSwgnpZxb3JDViD7StjQz+Nb/6l093lx4OQ0foGWNRoc19mWy7BzL+UAK2iVg=="
    },
    "logform": {
      "version": "1.9.1",
      "resolved": "https://registry.npmjs.org/logform/-/logform-1.9.1.tgz",
      "integrity": "sha512-ZHrZE8VSf7K3xKxJiQ1aoTBp2yK+cEbFcgarsjzI3nt3nE/3O0heNSppoOQMUJVMZo/xiVwCxiXIabaZApsKNQ==",
      "requires": {
        "colors": "1.3.2",
        "fast-safe-stringify": "2.0.6",
        "fecha": "2.3.3",
        "ms": "2.1.1",
        "triple-beam": "1.3.0"
      }
    },
    "ms": {
      "version": "2.1.1",
      "resolved": "https://registry.npmjs.org/ms/-/ms-2.1.1.tgz",
      "integrity": "sha512-tgp+dl5cGk28utYktBsrFqA7HKgrhgPsg6Z/EfhWI4gl1Hwq8B/GmY/0oXZ6nF8hDVesS/FpnYaD/kOWhYQvyg=="
    },
    "one-time": {
      "version": "0.0.4",
      "resolved": "https://registry.npmjs.org/one-time/-/one-time-0.0.4.tgz",
      "integrity": "sha1-+M33eISCb+Tf+T46nMN7HkSAdC4="
    },
    "path-to-regexp": {
      "version": "1.7.0",
      "resolved": "https://registry.npmjs.org/path-to-regexp/-/path-to-regexp-1.7.0.tgz",
      "integrity": "sha1-Wf3g9DW62suhA6hOnTvGTpa5k30=",
      "requires": {
        "isarray": "0.0.1"
      }
    },
    "postcss": {
      "version": "5.2.18",
      "resolved": "https://registry.npmjs.org/postcss/-/postcss-5.2.18.tgz",
      "integrity": "sha512-zrUjRRe1bpXKsX1qAJNJjqZViErVuyEkMTRrwu4ud4sbTtIBRmtaYDrHmcGgmrbsW3MHfmtIf+vJumgQn+PrXg==",
      "requires": {
        "chalk": "1.1.3",
        "js-base64": "2.4.9",
        "source-map": "0.5.7",
        "supports-color": "3.2.3"
      },
      "dependencies": {
        "chalk": {
          "version": "1.1.3",
          "resolved": "http://registry.npmjs.org/chalk/-/chalk-1.1.3.tgz",
          "integrity": "sha1-qBFcVeSnAv5NFQq9OHKCKn4J/Jg=",
          "requires": {
            "ansi-styles": "2.2.1",
            "escape-string-regexp": "1.0.5",
            "has-ansi": "2.0.0",
            "strip-ansi": "3.0.1",
            "supports-color": "2.0.0"
          },
          "dependencies": {
            "supports-color": {
              "version": "2.0.0",
              "resolved": "https://registry.npmjs.org/supports-color/-/supports-color-2.0.0.tgz",
              "integrity": "sha1-U10EXOa2Nj+kARcIRimZXp3zJMc="
            }
          }
        }
      }
    },
    "process-nextick-args": {
      "version": "2.0.0",
      "resolved": "https://registry.npmjs.org/process-nextick-args/-/process-nextick-args-2.0.0.tgz",
      "integrity": "sha512-MtEC1TqN0EU5nephaJ4rAtThHtC86dNN9qCuEhtshvpVBkAW5ZO7BASN9REnF9eoXGcRub+pFuKEpOHE+HbEMw=="
    },
    "readable-stream": {
      "version": "2.3.6",
      "resolved": "http://registry.npmjs.org/readable-stream/-/readable-stream-2.3.6.tgz",
      "integrity": "sha512-tQtKA9WIAhBF3+VLAseyMqZeBjW0AHJoxOtYqSUZNJxauErmLbVm2FW1y+J/YA9dUrAC39ITejlZWhVIwawkKw==",
      "requires": {
        "core-util-is": "1.0.2",
        "inherits": "2.0.3",
        "isarray": "1.0.0",
        "process-nextick-args": "2.0.0",
        "safe-buffer": "5.1.2",
        "string_decoder": "1.1.1",
        "util-deprecate": "1.0.2"
      },
      "dependencies": {
        "isarray": {
          "version": "1.0.0",
          "resolved": "https://registry.npmjs.org/isarray/-/isarray-1.0.0.tgz",
          "integrity": "sha1-u5NdSFgsuhaMBoNJV6VKPgcSTxE="
        }
      }
    },
    "safe-buffer": {
      "version": "5.1.2",
      "resolved": "https://registry.npmjs.org/safe-buffer/-/safe-buffer-5.1.2.tgz",
      "integrity": "sha512-Gd2UZBJDkXlY7GbJxfsE8/nvKkUEU1G38c1siN6QP6a9PT9MmHB8GnpscSmMJSoF8LOIrt8ud/wPtojys4G6+g=="
    },
    "serviceworker-cache-polyfill": {
      "version": "4.0.0",
      "resolved": "https://registry.npmjs.org/serviceworker-cache-polyfill/-/serviceworker-cache-polyfill-4.0.0.tgz",
      "integrity": "sha1-3hnuc77yGrPAdAo3sz22JGS6ves="
    },
    "simple-swizzle": {
      "version": "0.2.2",
      "resolved": "https://registry.npmjs.org/simple-swizzle/-/simple-swizzle-0.2.2.tgz",
      "integrity": "sha1-pNprY1/8zMoz9w0Xy5JZLeleVXo=",
      "requires": {
        "is-arrayish": "0.3.2"
      }
    },
    "source-map": {
      "version": "0.5.7",
      "resolved": "https://registry.npmjs.org/source-map/-/source-map-0.5.7.tgz",
      "integrity": "sha1-igOdLRAh0i0eoUyA2OpGi6LvP8w="
    },
    "stack-trace": {
      "version": "0.0.10",
      "resolved": "https://registry.npmjs.org/stack-trace/-/stack-trace-0.0.10.tgz",
      "integrity": "sha1-VHxws0fo0ytOEI6hoqFZ5f3eGcA="
    },
    "string_decoder": {
      "version": "1.1.1",
      "resolved": "https://registry.npmjs.org/string_decoder/-/string_decoder-1.1.1.tgz",
      "integrity": "sha512-n/ShnvDi6FHbbVfviro+WojiFzv+s8MPMHBczVePfUpDJLwoLT0ht1l4YwBCbi8pJAveEEdnkHyPyTP/mzRfwg==",
      "requires": {
        "safe-buffer": "5.1.2"
      }
    },
    "strip-ansi": {
      "version": "3.0.1",
      "resolved": "https://registry.npmjs.org/strip-ansi/-/strip-ansi-3.0.1.tgz",
      "integrity": "sha1-ajhfuIU9lS1f8F0Oiq+UJ43GPc8=",
      "requires": {
        "ansi-regex": "2.1.1"
      }
    },
    "supports-color": {
      "version": "3.2.3",
      "resolved": "https://registry.npmjs.org/supports-color/-/supports-color-3.2.3.tgz",
      "integrity": "sha1-ZawFBLOVQXHYpklGsq48u4pfVPY=",
      "requires": {
        "has-flag": "1.0.0"
      }
    },
    "sw-toolbox": {
      "version": "3.6.0",
      "resolved": "https://registry.npmjs.org/sw-toolbox/-/sw-toolbox-3.6.0.tgz",
      "integrity": "sha1-Jt8dHHA0hljk3qKIQxkUm3sxg7U=",
      "requires": {
        "path-to-regexp": "1.7.0",
        "serviceworker-cache-polyfill": "4.0.0"
      }
    },
    "text-hex": {
      "version": "1.0.0",
      "resolved": "https://registry.npmjs.org/text-hex/-/text-hex-1.0.0.tgz",
      "integrity": "sha512-uuVGNWzgJ4yhRaNSiubPY7OjISw4sw4E5Uv0wbjp+OzcbmVU/rsT8ujgcXJhn9ypzsgr5vlzpPqP+MBBKcGvbg=="
    },
    "triple-beam": {
      "version": "1.3.0",
      "resolved": "https://registry.npmjs.org/triple-beam/-/triple-beam-1.3.0.tgz",
      "integrity": "sha512-XrHUvV5HpdLmIj4uVMxHggLbFSZYIn7HEWsqePZcI50pco+MPqJ50wMGY794X7AOOhxOBAjbkqfAbEe/QMp2Lw=="
    },
    "util-deprecate": {
      "version": "1.0.2",
      "resolved": "https://registry.npmjs.org/util-deprecate/-/util-deprecate-1.0.2.tgz",
      "integrity": "sha1-RQ1Nyfpw3nMnYvvS1KKJgUGaDM8="
    },
    "winston": {
      "version": "3.1.0",
      "resolved": "https://registry.npmjs.org/winston/-/winston-3.1.0.tgz",
      "integrity": "sha512-FsQfEE+8YIEeuZEYhHDk5cILo1HOcWkGwvoidLrDgPog0r4bser1lEIOco2dN9zpDJ1M88hfDgZvxe5z4xNcwg==",
      "requires": {
        "async": "2.6.1",
        "diagnostics": "1.1.1",
        "is-stream": "1.1.0",
        "logform": "1.9.1",
        "one-time": "0.0.4",
        "readable-stream": "2.3.6",
        "stack-trace": "0.0.10",
        "triple-beam": "1.3.0",
        "winston-transport": "4.2.0"
      }
    },
    "winston-transport": {
      "version": "4.2.0",
      "resolved": "https://registry.npmjs.org/winston-transport/-/winston-transport-4.2.0.tgz",
      "integrity": "sha512-0R1bvFqxSlK/ZKTH86nymOuKv/cT1PQBMuDdA7k7f0S9fM44dNH6bXnuxwXPrN8lefJgtZq08BKdyZ0DZIy/rg==",
      "requires": {
        "readable-stream": "2.3.6",
        "triple-beam": "1.3.0"
      }
    }
  }
}
